
Microsoft Visual Studio Solution File, Format Version 12.00
# Visual Studio Version 17
VisualStudioVersion = 17.9.34728.123
MinimumVisualStudioVersion = 10.0.40219.1
Project("{9A19103F-16F7-4668-BE54-9A1E7A4F7556}") = "MWDotNetCore.ConsoleApp", "MWDotNetCore.ConsoleApp\MWDotNetCore.ConsoleApp.csproj", "{62090045-0C59-44FD-8912-B7855FD1AAD6}"
EndProject
Project("{2150E333-8FDC-42A3-9474-1A3956D46DE8}") = "Documents", "Documents", "{9718D5DB-B21E-4FC1-A763-7BA2137F3E7E}"
	ProjectSection(SolutionItems) = preProject
		DotNetTraining.sql = DotNetTraining.sql
		README.md = README.md
	EndProjectSection
EndProject
Global
	GlobalSection(SolutionConfigurationPlatforms) = preSolution
		Debug|Any CPU = Debug|Any CPU
		Release|Any CPU = Release|Any CPU
	EndGlobalSection
	GlobalSection(ProjectConfigurationPlatforms) = postSolution
		{62090045-0C59-44FD-8912-B7855FD1AAD6}.Debug|Any CPU.ActiveCfg = Debug|Any CPU
		{62090045-0C59-44FD-8912-B7855FD1AAD6}.Debug|Any CPU.Build.0 = Debug|Any CPU
		{62090045-0C59-44FD-8912-B7855FD1AAD6}.Release|Any CPU.ActiveCfg = Release|Any CPU
		{62090045-0C59-44FD-8912-B7855FD1AAD6}.Release|Any CPU.Build.0 = Release|Any CPU
	EndGlobalSection
	GlobalSection(SolutionProperties) = preSolution
		HideSolutionNode = FALSE
	EndGlobalSection
	GlobalSection(ExtensibilityGlobals) = postSolution
		SolutionGuid = {909C0646-3E46-4BC2-AE93-1D1968D7E307}
	EndGlobalSection
EndGlobal
