
Microsoft Visual Studio Solution File, Format Version 12.00
# Visual Studio Version 17
VisualStudioVersion = 17.9.34728.123
MinimumVisualStudioVersion = 10.0.40219.1
Project("{9A19103F-16F7-4668-BE54-9A1E7A4F7556}") = "MWDotNetCore.ConsoleApp", "MWDotNetCore.ConsoleApp\MWDotNetCore.ConsoleApp.csproj", "{62090045-0C59-44FD-8912-B7855FD1AAD6}"
EndProject
Project("{2150E333-8FDC-42A3-9474-1A3956D46DE8}") = "Documents", "Documents", "{9718D5DB-B21E-4FC1-A763-7BA2137F3E7E}"
	ProjectSection(SolutionItems) = preProject
		DotNetTraining.sql = DotNetTraining.sql
		README.md = README.md
	EndProjectSection
EndProject
Project("{9A19103F-16F7-4668-BE54-9A1E7A4F7556}") = "MWDotNetCore.RestApi", "MWDotNetCore.RestApi\MWDotNetCore.RestApi.csproj", "{3AD18702-2990-4671-A261-12777C87DAC8}"
EndProject
Project("{9A19103F-16F7-4668-BE54-9A1E7A4F7556}") = "MWDotNetCore.Share", "MWDotNetCore.Share\MWDotNetCore.Share.csproj", "{61D3656D-2F8F-4090-BAFD-CFFB4E720D9A}"
EndProject
Project("{9A19103F-16F7-4668-BE54-9A1E7A4F7556}") = "MWDotNetCore.RestApiWithNLayer", "MWDotNetCore.RestApiWithNLayer\MWDotNetCore.RestApiWithNLayer.csproj", "{08891A29-F7E2-4EF1-8A38-93BDF542621E}"
EndProject
Project("{9A19103F-16F7-4668-BE54-9A1E7A4F7556}") = "MWDotNetCore.ConsoleAppHttpClient", "MWDotNetCore.ConsoleAppHttpClient\MWDotNetCore.ConsoleAppHttpClient.csproj", "{509271F5-87DC-4637-8850-5B8059A03060}"
EndProject
Project("{9A19103F-16F7-4668-BE54-9A1E7A4F7556}") = "MWDotNetCore.ConsoleAppHttpClientExamples", "MWDotNetCore.ConsoleAppHttpClientExamples\MWDotNetCore.ConsoleAppHttpClientExamples.csproj", "{A69C2452-7393-4A5D-A830-BCB671AB7216}"
EndProject
Project("{9A19103F-16F7-4668-BE54-9A1E7A4F7556}") = "MWDotNetCore.ConsoleAppRestClientExamples", "MWDotNetCore.ConsoleAppRestClientExamples\MWDotNetCore.ConsoleAppRestClientExamples.csproj", "{97F1BD22-0A7A-42D8-B1F8-B136CBE085D2}"
EndProject
Project("{FAE04EC0-301F-11D3-BF4B-00C04F79EFBC}") = "MWDotNetCore.MyOwnProjectWinFormApp", "..\..\..\Users\DeLL\Desktop\MWDotNetCore.MyOwnProjectWinformApp\MWDotNetCore.MyOwnProjectWinFormApp.csproj", "{CD3106CE-3A5B-4952-920C-2C1DE9B71A58}"
EndProject
Project("{9A19103F-16F7-4668-BE54-9A1E7A4F7556}") = "MWDotNetCore.PizzaApi", "MWDotNetCore.PizzaApi\MWDotNetCore.PizzaApi.csproj", "{93C10F3A-F6BE-4DA2-98DD-9FDBF3B33799}"
EndProject
Project("{9A19103F-16F7-4668-BE54-9A1E7A4F7556}") = "MWDotNetCore.ConsoleAppRefitExamples", "MWDotNetCore.ConsoleAppRefitExamples\MWDotNetCore.ConsoleAppRefitExamples.csproj", "{4E407015-20AD-4F16-88C8-D358CFFEE3F8}"
EndProject
Project("{FAE04EC0-301F-11D3-BF4B-00C04F79EFBC}") = "MWDotNetCore.WindowFormApp", "MWDotNetCore.WindowFormApp\MWDotNetCore.WindowFormApp.csproj", "{49411E97-61C1-40AD-AC80-922424BE1CDC}"
EndProject
Global
	GlobalSection(SolutionConfigurationPlatforms) = preSolution
		Debug|Any CPU = Debug|Any CPU
		Release|Any CPU = Release|Any CPU
	EndGlobalSection
	GlobalSection(ProjectConfigurationPlatforms) = postSolution
		{62090045-0C59-44FD-8912-B7855FD1AAD6}.Debug|Any CPU.ActiveCfg = Debug|Any CPU
		{62090045-0C59-44FD-8912-B7855FD1AAD6}.Debug|Any CPU.Build.0 = Debug|Any CPU
		{62090045-0C59-44FD-8912-B7855FD1AAD6}.Release|Any CPU.ActiveCfg = Release|Any CPU
		{62090045-0C59-44FD-8912-B7855FD1AAD6}.Release|Any CPU.Build.0 = Release|Any CPU
		{3AD18702-2990-4671-A261-12777C87DAC8}.Debug|Any CPU.ActiveCfg = Debug|Any CPU
		{3AD18702-2990-4671-A261-12777C87DAC8}.Debug|Any CPU.Build.0 = Debug|Any CPU
		{3AD18702-2990-4671-A261-12777C87DAC8}.Release|Any CPU.ActiveCfg = Release|Any CPU
		{3AD18702-2990-4671-A261-12777C87DAC8}.Release|Any CPU.Build.0 = Release|Any CPU
		{61D3656D-2F8F-4090-BAFD-CFFB4E720D9A}.Debug|Any CPU.ActiveCfg = Debug|Any CPU
		{61D3656D-2F8F-4090-BAFD-CFFB4E720D9A}.Debug|Any CPU.Build.0 = Debug|Any CPU
		{61D3656D-2F8F-4090-BAFD-CFFB4E720D9A}.Release|Any CPU.ActiveCfg = Release|Any CPU
		{61D3656D-2F8F-4090-BAFD-CFFB4E720D9A}.Release|Any CPU.Build.0 = Release|Any CPU
		{08891A29-F7E2-4EF1-8A38-93BDF542621E}.Debug|Any CPU.ActiveCfg = Debug|Any CPU
		{08891A29-F7E2-4EF1-8A38-93BDF542621E}.Debug|Any CPU.Build.0 = Debug|Any CPU
		{08891A29-F7E2-4EF1-8A38-93BDF542621E}.Release|Any CPU.ActiveCfg = Release|Any CPU
		{08891A29-F7E2-4EF1-8A38-93BDF542621E}.Release|Any CPU.Build.0 = Release|Any CPU
		{509271F5-87DC-4637-8850-5B8059A03060}.Debug|Any CPU.ActiveCfg = Debug|Any CPU
		{509271F5-87DC-4637-8850-5B8059A03060}.Debug|Any CPU.Build.0 = Debug|Any CPU
		{509271F5-87DC-4637-8850-5B8059A03060}.Release|Any CPU.ActiveCfg = Release|Any CPU
		{509271F5-87DC-4637-8850-5B8059A03060}.Release|Any CPU.Build.0 = Release|Any CPU
		{A69C2452-7393-4A5D-A830-BCB671AB7216}.Debug|Any CPU.ActiveCfg = Debug|Any CPU
		{A69C2452-7393-4A5D-A830-BCB671AB7216}.Debug|Any CPU.Build.0 = Debug|Any CPU
		{A69C2452-7393-4A5D-A830-BCB671AB7216}.Release|Any CPU.ActiveCfg = Release|Any CPU
		{A69C2452-7393-4A5D-A830-BCB671AB7216}.Release|Any CPU.Build.0 = Release|Any CPU
		{97F1BD22-0A7A-42D8-B1F8-B136CBE085D2}.Debug|Any CPU.ActiveCfg = Debug|Any CPU
		{97F1BD22-0A7A-42D8-B1F8-B136CBE085D2}.Debug|Any CPU.Build.0 = Debug|Any CPU
		{97F1BD22-0A7A-42D8-B1F8-B136CBE085D2}.Release|Any CPU.ActiveCfg = Release|Any CPU
		{97F1BD22-0A7A-42D8-B1F8-B136CBE085D2}.Release|Any CPU.Build.0 = Release|Any CPU
		{CD3106CE-3A5B-4952-920C-2C1DE9B71A58}.Debug|Any CPU.ActiveCfg = Debug|Any CPU
		{CD3106CE-3A5B-4952-920C-2C1DE9B71A58}.Debug|Any CPU.Build.0 = Debug|Any CPU
		{CD3106CE-3A5B-4952-920C-2C1DE9B71A58}.Release|Any CPU.ActiveCfg = Release|Any CPU
		{CD3106CE-3A5B-4952-920C-2C1DE9B71A58}.Release|Any CPU.Build.0 = Release|Any CPU
		{93C10F3A-F6BE-4DA2-98DD-9FDBF3B33799}.Debug|Any CPU.ActiveCfg = Debug|Any CPU
		{93C10F3A-F6BE-4DA2-98DD-9FDBF3B33799}.Debug|Any CPU.Build.0 = Debug|Any CPU
		{93C10F3A-F6BE-4DA2-98DD-9FDBF3B33799}.Release|Any CPU.ActiveCfg = Release|Any CPU
		{93C10F3A-F6BE-4DA2-98DD-9FDBF3B33799}.Release|Any CPU.Build.0 = Release|Any CPU
		{4E407015-20AD-4F16-88C8-D358CFFEE3F8}.Debug|Any CPU.ActiveCfg = Debug|Any CPU
		{4E407015-20AD-4F16-88C8-D358CFFEE3F8}.Debug|Any CPU.Build.0 = Debug|Any CPU
		{4E407015-20AD-4F16-88C8-D358CFFEE3F8}.Release|Any CPU.ActiveCfg = Release|Any CPU
		{4E407015-20AD-4F16-88C8-D358CFFEE3F8}.Release|Any CPU.Build.0 = Release|Any CPU
		{49411E97-61C1-40AD-AC80-922424BE1CDC}.Debug|Any CPU.ActiveCfg = Debug|Any CPU
		{49411E97-61C1-40AD-AC80-922424BE1CDC}.Debug|Any CPU.Build.0 = Debug|Any CPU
		{49411E97-61C1-40AD-AC80-922424BE1CDC}.Release|Any CPU.ActiveCfg = Release|Any CPU
		{49411E97-61C1-40AD-AC80-922424BE1CDC}.Release|Any CPU.Build.0 = Release|Any CPU
	EndGlobalSection
	GlobalSection(SolutionProperties) = preSolution
		HideSolutionNode = FALSE
	EndGlobalSection
	GlobalSection(ExtensibilityGlobals) = postSolution
		SolutionGuid = {909C0646-3E46-4BC2-AE93-1D1968D7E307}
	EndGlobalSection
EndGlobal
